// !$*UTF8*$!
{
	archiveVersion = 1;
	classes = {
	};
	objectVersion = 63;
	objects = {

/* Begin PBXBuildFile section */
		02D660F6112C9ED118F157C9 /* DSSearchField.swift in Sources */ = {isa = PBXBuildFile; fileRef = 4D256B07CDC4D155FB79F34C /* DSSearchField.swift */; };
		03351AF8B34D41FE233EE4AF /* MessageBubbleView.swift in Sources */ = {isa = PBXBuildFile; fileRef = A95A05E59151B18214FE6E63 /* MessageBubbleView.swift */; };
		042F6976C0480484F6E00421 /* PrivacySettingsView.swift in Sources */ = {isa = PBXBuildFile; fileRef = 7BDA307B55B4A42F187122C8 /* PrivacySettingsView.swift */; };
		070BA9BD20205374635E9BA2 /* LoadingSpinner.swift in Sources */ = {isa = PBXBuildFile; fileRef = FEC1160825B340AB88F54D2C /* LoadingSpinner.swift */; };
		0B033659C668F409612AB32A /* View+Extensions.swift in Sources */ = {isa = PBXBuildFile; fileRef = 9BBFF343617525E55A657727 /* View+Extensions.swift */; };
		0B6B30DE693B07753683F792 /* VibeZApp.swift in Sources */ = {isa = PBXBuildFile; fileRef = 4E5C5D2A58873BCF48B8947B /* VibeZApp.swift */; };
		0C501874476180D9CE24611E /* VoiceOrb.swift in Sources */ = {isa = PBXBuildFile; fileRef = F86CC97B5B10B5A517682A19 /* VoiceOrb.swift */; };
		0D049DFE3F290DEB1B56D587 /* VoiceVideoPanelView.swift in Sources */ = {isa = PBXBuildFile; fileRef = 60C672CDFB1A6E213D1E5200 /* VoiceVideoPanelView.swift */; };
		1485FB2FE9C7D9A632D0A6A0 /* SubscriptionManager.swift in Sources */ = {isa = PBXBuildFile; fileRef = 0C848D3A289169E425CE298A /* SubscriptionManager.swift */; };
		1830DAAA0FFC5CFEDBB830FD /* Message.swift in Sources */ = {isa = PBXBuildFile; fileRef = 3101C4CB8B4E3BCC8F81BB4B /* Message.swift */; };
		184E46FA7906190557AFA7AF /* User.swift in Sources */ = {isa = PBXBuildFile; fileRef = 6E70900A38C9C0200E6C19C3 /* User.swift */; };
		18B6445FFC2167816D9A3661 /* SupabaseAuthService.swift in Sources */ = {isa = PBXBuildFile; fileRef = 2C8606C4F2A44DAB74013200 /* SupabaseAuthService.swift */; };
		193ABB0C76142F9A87EC7EB9 /* AIReasoner.swift in Sources */ = {isa = PBXBuildFile; fileRef = 5D9D6BD8CF2F41791AE22627 /* AIReasoner.swift */; };
		206931C8AFB67FE65C33C717 /* PresenceIndicatorView.swift in Sources */ = {isa = PBXBuildFile; fileRef = 8E255AD5BE937CDEB9033B2D /* PresenceIndicatorView.swift */; };
		2148CD86798BE66F265EE0AD /* View+Performance.swift in Sources */ = {isa = PBXBuildFile; fileRef = B0E15C6CA89B0796139084A7 /* View+Performance.swift */; };
		262F045B8AB383B559E8A621 /* AutonomousValidationLabel.swift in Sources */ = {isa = PBXBuildFile; fileRef = 6E966491E02495B0A3D1AE8E /* AutonomousValidationLabel.swift */; };
		2731C6E2FDCA0DFAD3279BD1 /* ButtonStateModifier.swift in Sources */ = {isa = PBXBuildFile; fileRef = CECF260031F3D01271EC70D6 /* ButtonStateModifier.swift */; };
		275A79F45D6F92652EE505F2 /* Assets.xcassets in Resources */ = {isa = PBXBuildFile; fileRef = B6E01D802414FD1AB26BFBB8 /* Assets.xcassets */; };
		2798BAA6E8F8D545602AF6BF /* RoomManager.swift in Sources */ = {isa = PBXBuildFile; fileRef = 14F2CC020D00B79E3B622756 /* RoomManager.swift */; };
		298290F2FB54DE55DB123CB7 /* ProfileView.swift in Sources */ = {isa = PBXBuildFile; fileRef = 3CED1E6D1F5D4661CCF4CA53 /* ProfileView.swift */; };
		2A68CA5596C0DF1A8E4E5B0C /* EmotionalAIViewModel.swift in Sources */ = {isa = PBXBuildFile; fileRef = 925C7B4F83630918E5234316 /* EmotionalAIViewModel.swift */; };
		2F33089735B6E9E1A8C1945C /* MessageService.swift in Sources */ = {isa = PBXBuildFile; fileRef = 4EB4CAD8C655C30411CE1CD9 /* MessageService.swift */; };
		3083D61F4F6EFB7F91C71AB6 /* DeepSeekClient.swift in Sources */ = {isa = PBXBuildFile; fileRef = 79D618D840F08568D9251900 /* DeepSeekClient.swift */; };
		32B8004FBB07A345AE26D75F /* RoomListView.swift in Sources */ = {isa = PBXBuildFile; fileRef = E75BBD2701C24BE93E85D0B1 /* RoomListView.swift */; };
		3357553498CFA6C7AF05960A /* SystemService.swift in Sources */ = {isa = PBXBuildFile; fileRef = E2BBDB5C23621297974FA7FD /* SystemService.swift */; };
		33AF31B26847D13B7B12098F /* Room.swift in Sources */ = {isa = PBXBuildFile; fileRef = BCD466D94DFA8A145B5F816D /* Room.swift */; };
		35FC76B88DCB770E32996E90 /* UXTelemetryService.swift in Sources */ = {isa = PBXBuildFile; fileRef = 8EEEAB309605D79405D40A88 /* UXTelemetryService.swift */; };
		3D7B187E34CAC1B359FD9B1A /* RoomViewModel.swift in Sources */ = {isa = PBXBuildFile; fileRef = FADA72AC66B4A0B68974BC2B /* RoomViewModel.swift */; };
		3EDFF8F60F3BD7D2F433E296 /* WebSocketManager.swift in Sources */ = {isa = PBXBuildFile; fileRef = EE7E65325EB4EC1D3535C9EF /* WebSocketManager.swift */; };
		4181BF721C4F4357519A77E4 /* DSChatComposer.swift in Sources */ = {isa = PBXBuildFile; fileRef = 429302704270D403D17153B8 /* DSChatComposer.swift */; };
		49E164BC843E2CB2AEA6587A /* AILog.swift in Sources */ = {isa = PBXBuildFile; fileRef = FCDA62476F3EFFB74E3D2F91 /* AILog.swift */; };
		4A40A3B5BECB8A293855E353 /* DSChip.swift in Sources */ = {isa = PBXBuildFile; fileRef = 569B77527850BBC07138E403 /* DSChip.swift */; };
		4CEB8DEA4F51E91C3383AA3B /* LoginView.swift in Sources */ = {isa = PBXBuildFile; fileRef = 02BB4F6AEA742D53D87B2C1E /* LoginView.swift */; };
		50D1254C57EE5670AD3274F2 /* ABTestManager.swift in Sources */ = {isa = PBXBuildFile; fileRef = 22C40E2772CF7F8F1B60FF7A /* ABTestManager.swift */; };
		513AB86F9484FE98BCB66A94 /* SystemMonitor.swift in Sources */ = {isa = PBXBuildFile; fileRef = 73DBE88AE9B0C4F81A7A724E /* SystemMonitor.swift */; };
		519111C00C56D15EFB5E2A63 /* AnimationModifiers.swift in Sources */ = {isa = PBXBuildFile; fileRef = 3A51214D179578AD5735193B /* AnimationModifiers.swift */; };
		51B64906E9809F3AEDC4DF7E /* EmojiPickerView.swift in Sources */ = {isa = PBXBuildFile; fileRef = ECD344E33900D51AF48094A5 /* EmojiPickerView.swift */; };
		524B918965359CB30CF015F3 /* IAPService.swift in Sources */ = {isa = PBXBuildFile; fileRef = 7FD77880143EFC245E614902 /* IAPService.swift */; };
		54D8A6431468075FCAAFEDCC /* PresenceViewModel.swift in Sources */ = {isa = PBXBuildFile; fileRef = 9E0538BD8029764861DC4F61 /* PresenceViewModel.swift */; };
		5888BEC999B5D9F166E25038 /* Constants.swift in Sources */ = {isa = PBXBuildFile; fileRef = E180CC1178B3DDAD20087A0C /* Constants.swift */; };
		5985BC5AD6C01DE5FA4AEAFF /* ViewGenerator.swift in Sources */ = {isa = PBXBuildFile; fileRef = 89F42005DEC630CF9391C470 /* ViewGenerator.swift */; };
		5D8EB9574B01488B18159D5B /* DSValidation.swift in Sources */ = {isa = PBXBuildFile; fileRef = 652529BE331844F5F53DFB46 /* DSValidation.swift */; };
		5F668627871D9C0639E219C6 /* LiveKitRoomManager.swift in Sources */ = {isa = PBXBuildFile; fileRef = 984152983CF02FF0C0BC653D /* LiveKitRoomManager.swift */; };
		620E92BEBCE62EF5A81F2956 /* DSTierCard.swift in Sources */ = {isa = PBXBuildFile; fileRef = 515C21996E59B886A5ABD3B9 /* DSTierCard.swift */; };
		689CCB6BA06DD9EF5F44929F /* VoiceRoomView.swift in Sources */ = {isa = PBXBuildFile; fileRef = 730BB1926C583E8E19417286 /* VoiceRoomView.swift */; };
		6F6852FC436B5FF875DE0BA8 /* AutonomousLabel.swift in Sources */ = {isa = PBXBuildFile; fileRef = B40A17D5B5408EF0101494FD /* AutonomousLabel.swift */; };
		722A0B5165CB2895CB6135FE /* AIService.swift in Sources */ = {isa = PBXBuildFile; fileRef = 29453C184FDF88D12E8AC14E /* AIService.swift */; };
		73866D3DC9FD91500EB1A6DA /* OnboardingV2.swift in Sources */ = {isa = PBXBuildFile; fileRef = 275964CC744F8B414B8EB1B2 /* OnboardingV2.swift */; };
		75FBCB73406C80DE46837B81 /* ChatView.swift in Sources */ = {isa = PBXBuildFile; fileRef = C6B4857C2232E9B345D7CD5D /* ChatView.swift */; };
		76210C305E07AFE305A42B96 /* GlassApp.swift in Sources */ = {isa = PBXBuildFile; fileRef = C1D2099238742071BE0408D7 /* GlassApp.swift */; };
		7861D5405CF46FC9F34651E0 /* AgoraRoomManager.swift in Sources */ = {isa = PBXBuildFile; fileRef = EB8395C1491EC9BFB13FCC2A /* AgoraRoomManager.swift */; };
		79862781F3E98761300E2C87 /* NetworkReachability.swift in Sources */ = {isa = PBXBuildFile; fileRef = 26D399588F02293FB7AA81E8 /* NetworkReachability.swift */; };
		7C9462DC37DA9A06F131EEE2 /* login_background.mp4 in Resources */ = {isa = PBXBuildFile; fileRef = 0CA5E9E45B8619F815AA86D7 /* login_background.mp4 */; };
		7D2C020A6A52C406427ADEFE /* IAPReceipt.swift in Sources */ = {isa = PBXBuildFile; fileRef = EE85D27035396040E23110E0 /* IAPReceipt.swift */; };
		7D2E241C9008ADA3DAB009D0 /* GlassModifier.swift in Sources */ = {isa = PBXBuildFile; fileRef = B2CC43562CB9BFEA68D26203 /* GlassModifier.swift */; };
		7FA5FD9D3010DABACAD87290 /* MainTabView.swift in Sources */ = {isa = PBXBuildFile; fileRef = 2E6829671CDDD5591FC744CD /* MainTabView.swift */; };
		84151B4AF128F35A53E332C0 /* RollbackManager.swift in Sources */ = {isa = PBXBuildFile; fileRef = 5150BB95DFBFD67F19BB7DEC /* RollbackManager.swift */; };
		879845C57E4D1DEB6B433032 /* FileUploadComponent.swift in Sources */ = {isa = PBXBuildFile; fileRef = CE05B503B0AEBE6D4E2D6C62 /* FileUploadComponent.swift */; };
		88694691911A18E45B3DEA6A /* VideoTileView.swift in Sources */ = {isa = PBXBuildFile; fileRef = 97E9D48815D5D249C161267B /* VideoTileView.swift */; };
		8EACF04D4B394C27DD789538 /* AgoraRoomView.swift in Sources */ = {isa = PBXBuildFile; fileRef = D76A2C287984F92739298CE2 /* AgoraRoomView.swift */; };
		91B953E972CAF934C338F639 /* RoomService.swift in Sources */ = {isa = PBXBuildFile; fileRef = EA9C87A9A9174A0B61043A78 /* RoomService.swift */; };
		945A3FAB1D2ADEC21E7853B1 /* PaywallView.swift in Sources */ = {isa = PBXBuildFile; fileRef = B3027F46C50CFFEF7B53E81A /* PaywallView.swift */; };
		978DD059C8B64C6EBADD91BA /* SettingsView.swift in Sources */ = {isa = PBXBuildFile; fileRef = CEC15D9BFF0FB3C43A72AE5F /* SettingsView.swift */; };
		98E3EE1349B790955CD8EDC2 /* SocialLoginsView.swift in Sources */ = {isa = PBXBuildFile; fileRef = 436E12BA164CD9DDE29CE2FD /* SocialLoginsView.swift */; };
		9B035FBE0A033B3575BD674D /* SubscriptionTier.swift in Sources */ = {isa = PBXBuildFile; fileRef = 8C56393B2DDDC0E50DDE141C /* SubscriptionTier.swift */; };
		9B64F61F14A989F35D1E2810 /* DSEmptyState.swift in Sources */ = {isa = PBXBuildFile; fileRef = 7A5236B43DB46923A7111B34 /* DSEmptyState.swift */; };
		9CCAB62AD12C6ECE1999E6E2 /* InputStateModifier.swift in Sources */ = {isa = PBXBuildFile; fileRef = 58C71D83C19E295A0F519671 /* InputStateModifier.swift */; };
		9FD6D9434174F6E5D753D395 /* PresenceOrbView.swift in Sources */ = {isa = PBXBuildFile; fileRef = BC15B15A6711B009E5F890D0 /* PresenceOrbView.swift */; };
		9FFA06DC792AA3EA731FD8C4 /* DSDivider.swift in Sources */ = {isa = PBXBuildFile; fileRef = CA5A14A0DC2BF465CAA067E1 /* DSDivider.swift */; };
		A39B22ABD6DA61AC380FB2D7 /* RoomRestorationService.swift in Sources */ = {isa = PBXBuildFile; fileRef = CADB39228C7557D1438F6236 /* RoomRestorationService.swift */; };
		A78403D70918DDB8083F5A42 /* Package.resolved in Resources */ = {isa = PBXBuildFile; fileRef = B1993CE0B2B119DA44BC266B /* Package.resolved */; };
		A8FB447F4467AE418B673F18 /* GlassView.swift in Sources */ = {isa = PBXBuildFile; fileRef = 3167DA07C1E8028430B33380 /* GlassView.swift */; };
		ADB3AFDCD7041300F9BC7AFB /* KeychainHelper.swift in Sources */ = {isa = PBXBuildFile; fileRef = 20939FD07349421C99B22DA5 /* KeychainHelper.swift */; };
		AF5DA086C17F702B2D00003B /* LoadingSkeleton.swift in Sources */ = {isa = PBXBuildFile; fileRef = 74AE1BD3C5FA3A7BAA528FA4 /* LoadingSkeleton.swift */; };
		B0AA0A3BA501FED9F61DC891 /* TelemetryMetric.swift in Sources */ = {isa = PBXBuildFile; fileRef = D9B37FA15A2E0A81B35B615E /* TelemetryMetric.swift */; };
		B26FE8B14E50D8FE68A948F0 /* SpeechManager.swift in Sources */ = {isa = PBXBuildFile; fileRef = DBF1970EF08175A74597DBB4 /* SpeechManager.swift */; };
		B36F2F4738C04C380DAADE9A /* DSMessageBubble.swift in Sources */ = {isa = PBXBuildFile; fileRef = 6C0BD0C51FBABF7258AF0AE5 /* DSMessageBubble.swift */; };
		B4F54A5E6BC0D0FE3CDCCBD0 /* MessageManager.swift in Sources */ = {isa = PBXBuildFile; fileRef = CECB981F4AEC756501372966 /* MessageManager.swift */; };
		B684AE91BD503DD9BBFBC757 /* DSAvatar.swift in Sources */ = {isa = PBXBuildFile; fileRef = D8C33D1106FEF0B236222D39 /* DSAvatar.swift */; };
		B693BC0011C3940C8B23D313 /* DSPresenceOrb.swift in Sources */ = {isa = PBXBuildFile; fileRef = F0E722E5D9110BE763D0C2F2 /* DSPresenceOrb.swift */; };
		BF895FA35332D7890509ED82 /* ChatInputView.swift in Sources */ = {isa = PBXBuildFile; fileRef = 32C9231BD88CA86A5C63C0AF /* ChatInputView.swift */; };
		BF9FBA59C79A3DEF773947CD /* Telemetry.swift in Sources */ = {isa = PBXBuildFile; fileRef = B7461AE7561D09288B2CFD8D /* Telemetry.swift */; };
		C0D01DEF41035BDB6486FD13 /* DSRoomRow.swift in Sources */ = {isa = PBXBuildFile; fileRef = 50F6572C231A84D1726C1253 /* DSRoomRow.swift */; };
		C14579CA82C13F9A2B055DFF /* SubscriptionView.swift in Sources */ = {isa = PBXBuildFile; fileRef = 3E65BC1D1525F6650425BADC /* SubscriptionView.swift */; };
		C4A1C31E0A2DFCDDE853C4A7 /* QuickJumpBar.swift in Sources */ = {isa = PBXBuildFile; fileRef = 5FDF84BCFCF8D73E8E82B991 /* QuickJumpBar.swift */; };
		C69C7EE474CD5092A079FF59 /* FormStateModifier.swift in Sources */ = {isa = PBXBuildFile; fileRef = FA8F77F6A2D6ACA200ED3D1B /* FormStateModifier.swift */; };
		C765D4BC15420446E10099E7 /* PresenceModifier.swift in Sources */ = {isa = PBXBuildFile; fileRef = 67E67CEADDF50FCAEE1D29AA /* PresenceModifier.swift */; };
		C79B554FB9BA7F6B80FA3B1E /* Sinapse.xcodeproj in Resources */ = {isa = PBXBuildFile; fileRef = BF318A87080582CC3ECF231D /* Sinapse.xcodeproj */; };
		C9937545C43B8B264D45AC83 /* VoiceView.swift in Sources */ = {isa = PBXBuildFile; fileRef = 4F056329B1AF1FE8F0C9EF99 /* VoiceView.swift */; };
		CFC270CF0DDD1305B89E9DBD /* GlobalStyles.swift in Sources */ = {isa = PBXBuildFile; fileRef = ADBB57141C6259D2E51B9011 /* GlobalStyles.swift */; };
		D064B409937B6E730CAEF71A /* FileService.swift in Sources */ = {isa = PBXBuildFile; fileRef = 777FD5652FA248A418236201 /* FileService.swift */; };
		D0BE1DF44B22FF5175D3E537 /* DSButton.swift in Sources */ = {isa = PBXBuildFile; fileRef = 3A963FC0D86E86146F319783 /* DSButton.swift */; };
		D42B9CFCB00EF477F7107FAD /* AuthService.swift in Sources */ = {isa = PBXBuildFile; fileRef = 86A1DDBA86CCE3F951AAB99D /* AuthService.swift */; };
		D5E40B2E459E8CAC8BF04852 /* DesignTokens.swift in Sources */ = {isa = PBXBuildFile; fileRef = B0E2BEB5420BBB57605AB7C8 /* DesignTokens.swift */; };
		D9D9F95C214AE483198F4DDF /* Color+Extensions.swift in Sources */ = {isa = PBXBuildFile; fileRef = F00CCDA52B5C33CE3200C64D /* Color+Extensions.swift */; };
		DA4C016894B5AB4F84DD0D93 /* NicknameManagementView.swift in Sources */ = {isa = PBXBuildFile; fileRef = 6143AEEE1BFFEED1CCFD8CA2 /* NicknameManagementView.swift */; };
		DCDBB27869F6F645AF7D9127 /* Products.storekit in Resources */ = {isa = PBXBuildFile; fileRef = F8322ECBDA9B90EE12F6306A /* Products.storekit */; };
		E0A378A9D5A1E18ABDF75F57 /* RoomSettingsView.swift in Sources */ = {isa = PBXBuildFile; fileRef = B856726303305F8AB6574975 /* RoomSettingsView.swift */; };
		E934DD333D40EB6BC50FC837 /* ThreadView.swift in Sources */ = {isa = PBXBuildFile; fileRef = C13AEFFB1B221F98FF5FCBDC /* ThreadView.swift */; };
		EA43D337B5FB67A25EF69A20 /* ToastView.swift in Sources */ = {isa = PBXBuildFile; fileRef = A210DA21B5BB53A0F5A6288E /* ToastView.swift */; };
		EDB36A3E91B0674BAD15C93E /* HostingGuideView.swift in Sources */ = {isa = PBXBuildFile; fileRef = AC60FD96EEDB2E4F923D5875 /* HostingGuideView.swift */; };
		EE1F398C8D97318FDA3A440E /* ErrorRecoveryView.swift in Sources */ = {isa = PBXBuildFile; fileRef = 43069B907B8A768F26796C18 /* ErrorRecoveryView.swift */; };
		EE956B6A3F61719E512C5038 /* ExportOptions.plist in Resources */ = {isa = PBXBuildFile; fileRef = 3FD388F6DD6A8274FA7AEED1 /* ExportOptions.plist */; };
		F0919C0DF970CCAEE3C26494 /* DashboardView.swift in Sources */ = {isa = PBXBuildFile; fileRef = 0992E747737CA1FEA99621EE /* DashboardView.swift */; };
		F13C030D3A6A55F34B4ECFAA /* LoadingView.swift in Sources */ = {isa = PBXBuildFile; fileRef = E9074AF28B50BB6C8244AE83 /* LoadingView.swift */; };
		F2657CEE6E28700D8D9BAECF /* VibeZApp.swift.backup in Resources */ = {isa = PBXBuildFile; fileRef = DD88BFB4C34F94CA63BD0199 /* VibeZApp.swift.backup */; };
		F7472D8476FF78482A6F23BA /* SearchView.swift in Sources */ = {isa = PBXBuildFile; fileRef = 0CE180E443E3E1CB0F7B5837 /* SearchView.swift */; };
		F94386C9FE84E309173F3376 /* ReadReceiptIndicator.swift in Sources */ = {isa = PBXBuildFile; fileRef = 72E992DF5A5F2C393BC41DD5 /* ReadReceiptIndicator.swift */; };
		FAA74279A1E192D49801A1D6 /* View+Accessibility.swift in Sources */ = {isa = PBXBuildFile; fileRef = 2AEAB86CA975ED14102C6D63 /* View+Accessibility.swift */; };
		FB287599DD117B53E3819FAE /* UXEventType.swift in Sources */ = {isa = PBXBuildFile; fileRef = 00B32979B4C94818A093D322 /* UXEventType.swift */; };
		FD29A040DED5A64469BD4A67 /* MoodGradient.swift in Sources */ = {isa = PBXBuildFile; fileRef = 03F1BB0FFFE6DAF780B09DAB /* MoodGradient.swift */; };
		FD8AD9B35847F8F7857921CC /* APIClient.swift in Sources */ = {isa = PBXBuildFile; fileRef = 26609E8679DE6D519E524F41 /* APIClient.swift */; };
		FE49ACD92684AEB257E95972 /* CreateRoomSheet.swift in Sources */ = {isa = PBXBuildFile; fileRef = B98CC5CCDD674684BE7DFF90 /* CreateRoomSheet.swift */; };
		FFE33DE14AED34EFA042EF7E /* DSBackgrounds.swift in Sources */ = {isa = PBXBuildFile; fileRef = C613153BEE733E2FA3012164 /* DSBackgrounds.swift */; };
/* End PBXBuildFile section */

/* Begin PBXFileReference section */
		00B32979B4C94818A093D322 /* UXEventType.swift */ = {isa = PBXFileReference; lastKnownFileType = sourcecode.swift; path = UXEventType.swift; sourceTree = "<group>"; };
		02BB4F6AEA742D53D87B2C1E /* LoginView.swift */ = {isa = PBXFileReference; lastKnownFileType = sourcecode.swift; path = LoginView.swift; sourceTree = "<group>"; };
		03F1BB0FFFE6DAF780B09DAB /* MoodGradient.swift */ = {isa = PBXFileReference; lastKnownFileType = sourcecode.swift; path = MoodGradient.swift; sourceTree = "<group>"; };
		0992E747737CA1FEA99621EE /* DashboardView.swift */ = {isa = PBXFileReference; lastKnownFileType = sourcecode.swift; path = DashboardView.swift; sourceTree = "<group>"; };
		0C848D3A289169E425CE298A /* SubscriptionManager.swift */ = {isa = PBXFileReference; lastKnownFileType = sourcecode.swift; path = SubscriptionManager.swift; sourceTree = "<group>"; };
		0CA5E9E45B8619F815AA86D7 /* login_background.mp4 */ = {isa = PBXFileReference; lastKnownFileType = file; path = login_background.mp4; sourceTree = "<group>"; };
		0CE180E443E3E1CB0F7B5837 /* SearchView.swift */ = {isa = PBXFileReference; lastKnownFileType = sourcecode.swift; path = SearchView.swift; sourceTree = "<group>"; };
		14F2CC020D00B79E3B622756 /* RoomManager.swift */ = {isa = PBXFileReference; lastKnownFileType = sourcecode.swift; path = RoomManager.swift; sourceTree = "<group>"; };
		20939FD07349421C99B22DA5 /* KeychainHelper.swift */ = {isa = PBXFileReference; lastKnownFileType = sourcecode.swift; path = KeychainHelper.swift; sourceTree = "<group>"; };
		211F82A649B302019AC5E90A /* VibeZ.entitlements */ = {isa = PBXFileReference; lastKnownFileType = text.plist.entitlements; path = VibeZ.entitlements; sourceTree = "<group>"; };
		22C40E2772CF7F8F1B60FF7A /* ABTestManager.swift */ = {isa = PBXFileReference; lastKnownFileType = sourcecode.swift; path = ABTestManager.swift; sourceTree = "<group>"; };
		26609E8679DE6D519E524F41 /* APIClient.swift */ = {isa = PBXFileReference; lastKnownFileType = sourcecode.swift; path = APIClient.swift; sourceTree = "<group>"; };
		26D399588F02293FB7AA81E8 /* NetworkReachability.swift */ = {isa = PBXFileReference; lastKnownFileType = sourcecode.swift; path = NetworkReachability.swift; sourceTree = "<group>"; };
		275964CC744F8B414B8EB1B2 /* OnboardingV2.swift */ = {isa = PBXFileReference; lastKnownFileType = sourcecode.swift; path = OnboardingV2.swift; sourceTree = "<group>"; };
		29453C184FDF88D12E8AC14E /* AIService.swift */ = {isa = PBXFileReference; lastKnownFileType = sourcecode.swift; path = AIService.swift; sourceTree = "<group>"; };
		2AEAB86CA975ED14102C6D63 /* View+Accessibility.swift */ = {isa = PBXFileReference; lastKnownFileType = sourcecode.swift; path = "View+Accessibility.swift"; sourceTree = "<group>"; };
		2C8606C4F2A44DAB74013200 /* SupabaseAuthService.swift */ = {isa = PBXFileReference; lastKnownFileType = sourcecode.swift; path = SupabaseAuthService.swift; sourceTree = "<group>"; };
		2E6829671CDDD5591FC744CD /* MainTabView.swift */ = {isa = PBXFileReference; lastKnownFileType = sourcecode.swift; path = MainTabView.swift; sourceTree = "<group>"; };
		3101C4CB8B4E3BCC8F81BB4B /* Message.swift */ = {isa = PBXFileReference; lastKnownFileType = sourcecode.swift; path = Message.swift; sourceTree = "<group>"; };
		3167DA07C1E8028430B33380 /* GlassView.swift */ = {isa = PBXFileReference; lastKnownFileType = sourcecode.swift; path = GlassView.swift; sourceTree = "<group>"; };
		32C9231BD88CA86A5C63C0AF /* ChatInputView.swift */ = {isa = PBXFileReference; lastKnownFileType = sourcecode.swift; path = ChatInputView.swift; sourceTree = "<group>"; };
		39BF14B077AF33E2D91700C3 /* Info.plist */ = {isa = PBXFileReference; lastKnownFileType = text.plist; path = Info.plist; sourceTree = "<group>"; };
		3A51214D179578AD5735193B /* AnimationModifiers.swift */ = {isa = PBXFileReference; lastKnownFileType = sourcecode.swift; path = AnimationModifiers.swift; sourceTree = "<group>"; };
		3A963FC0D86E86146F319783 /* DSButton.swift */ = {isa = PBXFileReference; lastKnownFileType = sourcecode.swift; path = DSButton.swift; sourceTree = "<group>"; };
		3CED1E6D1F5D4661CCF4CA53 /* ProfileView.swift */ = {isa = PBXFileReference; lastKnownFileType = sourcecode.swift; path = ProfileView.swift; sourceTree = "<group>"; };
		3E65BC1D1525F6650425BADC /* SubscriptionView.swift */ = {isa = PBXFileReference; lastKnownFileType = sourcecode.swift; path = SubscriptionView.swift; sourceTree = "<group>"; };
		3FD388F6DD6A8274FA7AEED1 /* ExportOptions.plist */ = {isa = PBXFileReference; lastKnownFileType = text.plist; path = ExportOptions.plist; sourceTree = "<group>"; };
		429302704270D403D17153B8 /* DSChatComposer.swift */ = {isa = PBXFileReference; lastKnownFileType = sourcecode.swift; path = DSChatComposer.swift; sourceTree = "<group>"; };
		43069B907B8A768F26796C18 /* ErrorRecoveryView.swift */ = {isa = PBXFileReference; lastKnownFileType = sourcecode.swift; path = ErrorRecoveryView.swift; sourceTree = "<group>"; };
		436E12BA164CD9DDE29CE2FD /* SocialLoginsView.swift */ = {isa = PBXFileReference; lastKnownFileType = sourcecode.swift; path = SocialLoginsView.swift; sourceTree = "<group>"; };
		4D256B07CDC4D155FB79F34C /* DSSearchField.swift */ = {isa = PBXFileReference; lastKnownFileType = sourcecode.swift; path = DSSearchField.swift; sourceTree = "<group>"; };
		4E5C5D2A58873BCF48B8947B /* VibeZApp.swift */ = {isa = PBXFileReference; lastKnownFileType = sourcecode.swift; path = VibeZApp.swift; sourceTree = "<group>"; };
		4EB4CAD8C655C30411CE1CD9 /* MessageService.swift */ = {isa = PBXFileReference; lastKnownFileType = sourcecode.swift; path = MessageService.swift; sourceTree = "<group>"; };
		4F056329B1AF1FE8F0C9EF99 /* VoiceView.swift */ = {isa = PBXFileReference; lastKnownFileType = sourcecode.swift; path = VoiceView.swift; sourceTree = "<group>"; };
		50F6572C231A84D1726C1253 /* DSRoomRow.swift */ = {isa = PBXFileReference; lastKnownFileType = sourcecode.swift; path = DSRoomRow.swift; sourceTree = "<group>"; };
		5150BB95DFBFD67F19BB7DEC /* RollbackManager.swift */ = {isa = PBXFileReference; lastKnownFileType = sourcecode.swift; path = RollbackManager.swift; sourceTree = "<group>"; };
		515C21996E59B886A5ABD3B9 /* DSTierCard.swift */ = {isa = PBXFileReference; lastKnownFileType = sourcecode.swift; path = DSTierCard.swift; sourceTree = "<group>"; };
		569B77527850BBC07138E403 /* DSChip.swift */ = {isa = PBXFileReference; lastKnownFileType = sourcecode.swift; path = DSChip.swift; sourceTree = "<group>"; };
		58C71D83C19E295A0F519671 /* InputStateModifier.swift */ = {isa = PBXFileReference; lastKnownFileType = sourcecode.swift; path = InputStateModifier.swift; sourceTree = "<group>"; };
		5D9D6BD8CF2F41791AE22627 /* AIReasoner.swift */ = {isa = PBXFileReference; lastKnownFileType = sourcecode.swift; path = AIReasoner.swift; sourceTree = "<group>"; };
		5FDF84BCFCF8D73E8E82B991 /* QuickJumpBar.swift */ = {isa = PBXFileReference; lastKnownFileType = sourcecode.swift; path = QuickJumpBar.swift; sourceTree = "<group>"; };
		60C672CDFB1A6E213D1E5200 /* VoiceVideoPanelView.swift */ = {isa = PBXFileReference; lastKnownFileType = sourcecode.swift; path = VoiceVideoPanelView.swift; sourceTree = "<group>"; };
		6143AEEE1BFFEED1CCFD8CA2 /* NicknameManagementView.swift */ = {isa = PBXFileReference; lastKnownFileType = sourcecode.swift; path = NicknameManagementView.swift; sourceTree = "<group>"; };
		652529BE331844F5F53DFB46 /* DSValidation.swift */ = {isa = PBXFileReference; lastKnownFileType = sourcecode.swift; path = DSValidation.swift; sourceTree = "<group>"; };
		67E67CEADDF50FCAEE1D29AA /* PresenceModifier.swift */ = {isa = PBXFileReference; lastKnownFileType = sourcecode.swift; path = PresenceModifier.swift; sourceTree = "<group>"; };
		6C0BD0C51FBABF7258AF0AE5 /* DSMessageBubble.swift */ = {isa = PBXFileReference; lastKnownFileType = sourcecode.swift; path = DSMessageBubble.swift; sourceTree = "<group>"; };
		6E70900A38C9C0200E6C19C3 /* User.swift */ = {isa = PBXFileReference; lastKnownFileType = sourcecode.swift; path = User.swift; sourceTree = "<group>"; };
		6E966491E02495B0A3D1AE8E /* AutonomousValidationLabel.swift */ = {isa = PBXFileReference; lastKnownFileType = sourcecode.swift; path = AutonomousValidationLabel.swift; sourceTree = "<group>"; };
		72E992DF5A5F2C393BC41DD5 /* ReadReceiptIndicator.swift */ = {isa = PBXFileReference; lastKnownFileType = sourcecode.swift; path = ReadReceiptIndicator.swift; sourceTree = "<group>"; };
		730BB1926C583E8E19417286 /* VoiceRoomView.swift */ = {isa = PBXFileReference; lastKnownFileType = sourcecode.swift; path = VoiceRoomView.swift; sourceTree = "<group>"; };
		73DBE88AE9B0C4F81A7A724E /* SystemMonitor.swift */ = {isa = PBXFileReference; lastKnownFileType = sourcecode.swift; path = SystemMonitor.swift; sourceTree = "<group>"; };
		74AE1BD3C5FA3A7BAA528FA4 /* LoadingSkeleton.swift */ = {isa = PBXFileReference; lastKnownFileType = sourcecode.swift; path = LoadingSkeleton.swift; sourceTree = "<group>"; };
		777FD5652FA248A418236201 /* FileService.swift */ = {isa = PBXFileReference; lastKnownFileType = sourcecode.swift; path = FileService.swift; sourceTree = "<group>"; };
		79D618D840F08568D9251900 /* DeepSeekClient.swift */ = {isa = PBXFileReference; lastKnownFileType = sourcecode.swift; path = DeepSeekClient.swift; sourceTree = "<group>"; };
		7A5236B43DB46923A7111B34 /* DSEmptyState.swift */ = {isa = PBXFileReference; lastKnownFileType = sourcecode.swift; path = DSEmptyState.swift; sourceTree = "<group>"; };
		7BDA307B55B4A42F187122C8 /* PrivacySettingsView.swift */ = {isa = PBXFileReference; lastKnownFileType = sourcecode.swift; path = PrivacySettingsView.swift; sourceTree = "<group>"; };
		7FD77880143EFC245E614902 /* IAPService.swift */ = {isa = PBXFileReference; lastKnownFileType = sourcecode.swift; path = IAPService.swift; sourceTree = "<group>"; };
		86A1DDBA86CCE3F951AAB99D /* AuthService.swift */ = {isa = PBXFileReference; lastKnownFileType = sourcecode.swift; path = AuthService.swift; sourceTree = "<group>"; };
		89F42005DEC630CF9391C470 /* ViewGenerator.swift */ = {isa = PBXFileReference; lastKnownFileType = sourcecode.swift; path = ViewGenerator.swift; sourceTree = "<group>"; };
		8C56393B2DDDC0E50DDE141C /* SubscriptionTier.swift */ = {isa = PBXFileReference; lastKnownFileType = sourcecode.swift; path = SubscriptionTier.swift; sourceTree = "<group>"; };
		8E255AD5BE937CDEB9033B2D /* PresenceIndicatorView.swift */ = {isa = PBXFileReference; lastKnownFileType = sourcecode.swift; path = PresenceIndicatorView.swift; sourceTree = "<group>"; };
		8EEEAB309605D79405D40A88 /* UXTelemetryService.swift */ = {isa = PBXFileReference; lastKnownFileType = sourcecode.swift; path = UXTelemetryService.swift; sourceTree = "<group>"; };
		925C7B4F83630918E5234316 /* EmotionalAIViewModel.swift */ = {isa = PBXFileReference; lastKnownFileType = sourcecode.swift; path = EmotionalAIViewModel.swift; sourceTree = "<group>"; };
		97E9D48815D5D249C161267B /* VideoTileView.swift */ = {isa = PBXFileReference; lastKnownFileType = sourcecode.swift; path = VideoTileView.swift; sourceTree = "<group>"; };
		984152983CF02FF0C0BC653D /* LiveKitRoomManager.swift */ = {isa = PBXFileReference; lastKnownFileType = sourcecode.swift; path = LiveKitRoomManager.swift; sourceTree = "<group>"; };
		9BBFF343617525E55A657727 /* View+Extensions.swift */ = {isa = PBXFileReference; lastKnownFileType = sourcecode.swift; path = "View+Extensions.swift"; sourceTree = "<group>"; };
		9E0538BD8029764861DC4F61 /* PresenceViewModel.swift */ = {isa = PBXFileReference; lastKnownFileType = sourcecode.swift; path = PresenceViewModel.swift; sourceTree = "<group>"; };
		9E50C642C8F3A00B59CDBF1A /* VibeZ.app */ = {isa = PBXFileReference; includeInIndex = 0; lastKnownFileType = wrapper.application; path = VibeZ.app; sourceTree = BUILT_PRODUCTS_DIR; };
		A210DA21B5BB53A0F5A6288E /* ToastView.swift */ = {isa = PBXFileReference; lastKnownFileType = sourcecode.swift; path = ToastView.swift; sourceTree = "<group>"; };
		A95A05E59151B18214FE6E63 /* MessageBubbleView.swift */ = {isa = PBXFileReference; lastKnownFileType = sourcecode.swift; path = MessageBubbleView.swift; sourceTree = "<group>"; };
		AC60FD96EEDB2E4F923D5875 /* HostingGuideView.swift */ = {isa = PBXFileReference; lastKnownFileType = sourcecode.swift; path = HostingGuideView.swift; sourceTree = "<group>"; };
		ADBB57141C6259D2E51B9011 /* GlobalStyles.swift */ = {isa = PBXFileReference; lastKnownFileType = sourcecode.swift; path = GlobalStyles.swift; sourceTree = "<group>"; };
		B0E15C6CA89B0796139084A7 /* View+Performance.swift */ = {isa = PBXFileReference; lastKnownFileType = sourcecode.swift; path = "View+Performance.swift"; sourceTree = "<group>"; };
		B0E2BEB5420BBB57605AB7C8 /* DesignTokens.swift */ = {isa = PBXFileReference; lastKnownFileType = sourcecode.swift; path = DesignTokens.swift; sourceTree = "<group>"; };
		B1993CE0B2B119DA44BC266B /* Package.resolved */ = {isa = PBXFileReference; lastKnownFileType = text; path = Package.resolved; sourceTree = "<group>"; };
		B2CC43562CB9BFEA68D26203 /* GlassModifier.swift */ = {isa = PBXFileReference; lastKnownFileType = sourcecode.swift; path = GlassModifier.swift; sourceTree = "<group>"; };
		B3027F46C50CFFEF7B53E81A /* PaywallView.swift */ = {isa = PBXFileReference; lastKnownFileType = sourcecode.swift; path = PaywallView.swift; sourceTree = "<group>"; };
		B40A17D5B5408EF0101494FD /* AutonomousLabel.swift */ = {isa = PBXFileReference; lastKnownFileType = sourcecode.swift; path = AutonomousLabel.swift; sourceTree = "<group>"; };
		B6E01D802414FD1AB26BFBB8 /* Assets.xcassets */ = {isa = PBXFileReference; lastKnownFileType = folder.assetcatalog; path = Assets.xcassets; sourceTree = "<group>"; };
		B7461AE7561D09288B2CFD8D /* Telemetry.swift */ = {isa = PBXFileReference; lastKnownFileType = sourcecode.swift; path = Telemetry.swift; sourceTree = "<group>"; };
		B856726303305F8AB6574975 /* RoomSettingsView.swift */ = {isa = PBXFileReference; lastKnownFileType = sourcecode.swift; path = RoomSettingsView.swift; sourceTree = "<group>"; };
		B98CC5CCDD674684BE7DFF90 /* CreateRoomSheet.swift */ = {isa = PBXFileReference; lastKnownFileType = sourcecode.swift; path = CreateRoomSheet.swift; sourceTree = "<group>"; };
		BC15B15A6711B009E5F890D0 /* PresenceOrbView.swift */ = {isa = PBXFileReference; lastKnownFileType = sourcecode.swift; path = PresenceOrbView.swift; sourceTree = "<group>"; };
		BCD466D94DFA8A145B5F816D /* Room.swift */ = {isa = PBXFileReference; lastKnownFileType = sourcecode.swift; path = Room.swift; sourceTree = "<group>"; };
		BF318A87080582CC3ECF231D /* Sinapse.xcodeproj */ = {isa = PBXFileReference; lastKnownFileType = "wrapper.pb-project"; path = Sinapse.xcodeproj; sourceTree = "<group>"; };
		C13AEFFB1B221F98FF5FCBDC /* ThreadView.swift */ = {isa = PBXFileReference; lastKnownFileType = sourcecode.swift; path = ThreadView.swift; sourceTree = "<group>"; };
		C1D2099238742071BE0408D7 /* GlassApp.swift */ = {isa = PBXFileReference; lastKnownFileType = sourcecode.swift; path = GlassApp.swift; sourceTree = "<group>"; };
		C613153BEE733E2FA3012164 /* DSBackgrounds.swift */ = {isa = PBXFileReference; lastKnownFileType = sourcecode.swift; path = DSBackgrounds.swift; sourceTree = "<group>"; };
		C6B4857C2232E9B345D7CD5D /* ChatView.swift */ = {isa = PBXFileReference; lastKnownFileType = sourcecode.swift; path = ChatView.swift; sourceTree = "<group>"; };
		CA5A14A0DC2BF465CAA067E1 /* DSDivider.swift */ = {isa = PBXFileReference; lastKnownFileType = sourcecode.swift; path = DSDivider.swift; sourceTree = "<group>"; };
		CADB39228C7557D1438F6236 /* RoomRestorationService.swift */ = {isa = PBXFileReference; lastKnownFileType = sourcecode.swift; path = RoomRestorationService.swift; sourceTree = "<group>"; };
		CE05B503B0AEBE6D4E2D6C62 /* FileUploadComponent.swift */ = {isa = PBXFileReference; lastKnownFileType = sourcecode.swift; path = FileUploadComponent.swift; sourceTree = "<group>"; };
		CEC15D9BFF0FB3C43A72AE5F /* SettingsView.swift */ = {isa = PBXFileReference; lastKnownFileType = sourcecode.swift; path = SettingsView.swift; sourceTree = "<group>"; };
		CECB981F4AEC756501372966 /* MessageManager.swift */ = {isa = PBXFileReference; lastKnownFileType = sourcecode.swift; path = MessageManager.swift; sourceTree = "<group>"; };
		CECF260031F3D01271EC70D6 /* ButtonStateModifier.swift */ = {isa = PBXFileReference; lastKnownFileType = sourcecode.swift; path = ButtonStateModifier.swift; sourceTree = "<group>"; };
		D76A2C287984F92739298CE2 /* AgoraRoomView.swift */ = {isa = PBXFileReference; lastKnownFileType = sourcecode.swift; path = AgoraRoomView.swift; sourceTree = "<group>"; };
		D8C33D1106FEF0B236222D39 /* DSAvatar.swift */ = {isa = PBXFileReference; lastKnownFileType = sourcecode.swift; path = DSAvatar.swift; sourceTree = "<group>"; };
		D9B37FA15A2E0A81B35B615E /* TelemetryMetric.swift */ = {isa = PBXFileReference; lastKnownFileType = sourcecode.swift; path = TelemetryMetric.swift; sourceTree = "<group>"; };
		DBF1970EF08175A74597DBB4 /* SpeechManager.swift */ = {isa = PBXFileReference; lastKnownFileType = sourcecode.swift; path = SpeechManager.swift; sourceTree = "<group>"; };
		DD88BFB4C34F94CA63BD0199 /* VibeZApp.swift.backup */ = {isa = PBXFileReference; lastKnownFileType = text; path = VibeZApp.swift.backup; sourceTree = "<group>"; };
		E180CC1178B3DDAD20087A0C /* Constants.swift */ = {isa = PBXFileReference; lastKnownFileType = sourcecode.swift; path = Constants.swift; sourceTree = "<group>"; };
		E2BBDB5C23621297974FA7FD /* SystemService.swift */ = {isa = PBXFileReference; lastKnownFileType = sourcecode.swift; path = SystemService.swift; sourceTree = "<group>"; };
		E75BBD2701C24BE93E85D0B1 /* RoomListView.swift */ = {isa = PBXFileReference; lastKnownFileType = sourcecode.swift; path = RoomListView.swift; sourceTree = "<group>"; };
		E9074AF28B50BB6C8244AE83 /* LoadingView.swift */ = {isa = PBXFileReference; lastKnownFileType = sourcecode.swift; path = LoadingView.swift; sourceTree = "<group>"; };
		EA9C87A9A9174A0B61043A78 /* RoomService.swift */ = {isa = PBXFileReference; lastKnownFileType = sourcecode.swift; path = RoomService.swift; sourceTree = "<group>"; };
		EB8395C1491EC9BFB13FCC2A /* AgoraRoomManager.swift */ = {isa = PBXFileReference; lastKnownFileType = sourcecode.swift; path = AgoraRoomManager.swift; sourceTree = "<group>"; };
		ECD344E33900D51AF48094A5 /* EmojiPickerView.swift */ = {isa = PBXFileReference; lastKnownFileType = sourcecode.swift; path = EmojiPickerView.swift; sourceTree = "<group>"; };
		EE7E65325EB4EC1D3535C9EF /* WebSocketManager.swift */ = {isa = PBXFileReference; lastKnownFileType = sourcecode.swift; path = WebSocketManager.swift; sourceTree = "<group>"; };
		EE85D27035396040E23110E0 /* IAPReceipt.swift */ = {isa = PBXFileReference; lastKnownFileType = sourcecode.swift; path = IAPReceipt.swift; sourceTree = "<group>"; };
		F00CCDA52B5C33CE3200C64D /* Color+Extensions.swift */ = {isa = PBXFileReference; lastKnownFileType = sourcecode.swift; path = "Color+Extensions.swift"; sourceTree = "<group>"; };
		F0E722E5D9110BE763D0C2F2 /* DSPresenceOrb.swift */ = {isa = PBXFileReference; lastKnownFileType = sourcecode.swift; path = DSPresenceOrb.swift; sourceTree = "<group>"; };
		F8322ECBDA9B90EE12F6306A /* Products.storekit */ = {isa = PBXFileReference; lastKnownFileType = text; path = Products.storekit; sourceTree = "<group>"; };
		F86CC97B5B10B5A517682A19 /* VoiceOrb.swift */ = {isa = PBXFileReference; lastKnownFileType = sourcecode.swift; path = VoiceOrb.swift; sourceTree = "<group>"; };
		FA8F77F6A2D6ACA200ED3D1B /* FormStateModifier.swift */ = {isa = PBXFileReference; lastKnownFileType = sourcecode.swift; path = FormStateModifier.swift; sourceTree = "<group>"; };
		FADA72AC66B4A0B68974BC2B /* RoomViewModel.swift */ = {isa = PBXFileReference; lastKnownFileType = sourcecode.swift; path = RoomViewModel.swift; sourceTree = "<group>"; };
		FCDA62476F3EFFB74E3D2F91 /* AILog.swift */ = {isa = PBXFileReference; lastKnownFileType = sourcecode.swift; path = AILog.swift; sourceTree = "<group>"; };
		FEC1160825B340AB88F54D2C /* LoadingSpinner.swift */ = {isa = PBXFileReference; lastKnownFileType = sourcecode.swift; path = LoadingSpinner.swift; sourceTree = "<group>"; };
/* End PBXFileReference section */

/* Begin PBXGroup section */
		02D540B26F0B9E3C7DAD3D00 /* Atomic */ = {
			isa = PBXGroup;
			children = (
				D8C33D1106FEF0B236222D39 /* DSAvatar.swift */,
				3A963FC0D86E86146F319783 /* DSButton.swift */,
				569B77527850BBC07138E403 /* DSChip.swift */,
				CA5A14A0DC2BF465CAA067E1 /* DSDivider.swift */,
				F0E722E5D9110BE763D0C2F2 /* DSPresenceOrb.swift */,
			);
			path = Atomic;
			sourceTree = "<group>";
		};
		1037A203AC5885735AAB4F6A /* Components */ = {
			isa = PBXGroup;
			children = (
				02D540B26F0B9E3C7DAD3D00 /* Atomic */,
				F920E92BE7246CFF5F588EB5 /* Molecular */,
				8E3CEDD1D400E18922A4F96A /* Organisms */,
				1813D6D4DA11E26F51E4009B /* SwiftUIGenerated */,
			);
			path = Components;
			sourceTree = "<group>";
		};
		1813D6D4DA11E26F51E4009B /* SwiftUIGenerated */ = {
			isa = PBXGroup;
			children = (
				C613153BEE733E2FA3012164 /* DSBackgrounds.swift */,
			);
			path = SwiftUIGenerated;
			sourceTree = "<group>";
		};
		19F424E520D4EB5AD67F9E76 = {
			isa = PBXGroup;
			children = (
				4C70FDF171E92DD8960C6E9D /* Components */,
				8F83A9B6FAB0009122AF9820 /* DesignSystem */,
				1C2AFE15E14F233E7F191F10 /* Extensions */,
				E358D1EF2481D755C1EFDCE7 /* iOS */,
				227E1D98F88F58DB81A13D59 /* Managers */,
				FEC5C3D9F44DD39800D8677A /* Models */,
				305A26D7B55EBB29C61B1F1C /* Resources */,
				47BB697406A9D5A1D7580D68 /* Services */,
				B931608467A671E50BDBD84E /* Telemetry */,
				52A17400A7DAEA5472CACEAC /* ViewModels */,
				3968FD58E5D53DF78279C67B /* Views */,
				EF1D9764F19F4DBE75600F0C /* Products */,
			);
			sourceTree = "<group>";
		};
		1C2AFE15E14F233E7F191F10 /* Extensions */ = {
			isa = PBXGroup;
			children = (
				F00CCDA52B5C33CE3200C64D /* Color+Extensions.swift */,
				2AEAB86CA975ED14102C6D63 /* View+Accessibility.swift */,
				9BBFF343617525E55A657727 /* View+Extensions.swift */,
				B0E15C6CA89B0796139084A7 /* View+Performance.swift */,
			);
			path = Extensions;
			sourceTree = "<group>";
		};
		1D5144823445D952555F097E /* Components */ = {
			isa = PBXGroup;
			children = (
				B40A17D5B5408EF0101494FD /* AutonomousLabel.swift */,
				6E966491E02495B0A3D1AE8E /* AutonomousValidationLabel.swift */,
				ECD344E33900D51AF48094A5 /* EmojiPickerView.swift */,
				43069B907B8A768F26796C18 /* ErrorRecoveryView.swift */,
				CE05B503B0AEBE6D4E2D6C62 /* FileUploadComponent.swift */,
				74AE1BD3C5FA3A7BAA528FA4 /* LoadingSkeleton.swift */,
				FEC1160825B340AB88F54D2C /* LoadingSpinner.swift */,
				5FDF84BCFCF8D73E8E82B991 /* QuickJumpBar.swift */,
				72E992DF5A5F2C393BC41DD5 /* ReadReceiptIndicator.swift */,
				97E9D48815D5D249C161267B /* VideoTileView.swift */,
			);
			path = Components;
			sourceTree = "<group>";
		};
		227E1D98F88F58DB81A13D59 /* Managers */ = {
			isa = PBXGroup;
			children = (
				EB8395C1491EC9BFB13FCC2A /* AgoraRoomManager.swift */,
				5D9D6BD8CF2F41791AE22627 /* AIReasoner.swift */,
				26609E8679DE6D519E524F41 /* APIClient.swift */,
				E180CC1178B3DDAD20087A0C /* Constants.swift */,
				79D618D840F08568D9251900 /* DeepSeekClient.swift */,
				984152983CF02FF0C0BC653D /* LiveKitRoomManager.swift */,
				CECB981F4AEC756501372966 /* MessageManager.swift */,
				14F2CC020D00B79E3B622756 /* RoomManager.swift */,
				DBF1970EF08175A74597DBB4 /* SpeechManager.swift */,
				0C848D3A289169E425CE298A /* SubscriptionManager.swift */,
				73DBE88AE9B0C4F81A7A724E /* SystemMonitor.swift */,
				EE7E65325EB4EC1D3535C9EF /* WebSocketManager.swift */,
			);
			path = Managers;
			sourceTree = "<group>";
		};
		24473D252ECD71420027E7BB /* Products */ = {
			isa = PBXGroup;
			name = Products;
			sourceTree = "<group>";
		};
		305A26D7B55EBB29C61B1F1C /* Resources */ = {
			isa = PBXGroup;
			children = (
				C5730EA8B9D339FEFB4B2BC8 /* Videos */,
			);
			path = Resources;
			sourceTree = "<group>";
		};
		350FB63F82C4A91B71FFA07C /* Validation */ = {
			isa = PBXGroup;
			children = (
				652529BE331844F5F53DFB46 /* DSValidation.swift */,
			);
			path = Validation;
			sourceTree = "<group>";
		};
		3968FD58E5D53DF78279C67B /* Views */ = {
			isa = PBXGroup;
			children = (
				D76A2C287984F92739298CE2 /* AgoraRoomView.swift */,
				32C9231BD88CA86A5C63C0AF /* ChatInputView.swift */,
				C6B4857C2232E9B345D7CD5D /* ChatView.swift */,
				B98CC5CCDD674684BE7DFF90 /* CreateRoomSheet.swift */,
				0992E747737CA1FEA99621EE /* DashboardView.swift */,
				AC60FD96EEDB2E4F923D5875 /* HostingGuideView.swift */,
				2E6829671CDDD5591FC744CD /* MainTabView.swift */,
				A95A05E59151B18214FE6E63 /* MessageBubbleView.swift */,
				6143AEEE1BFFEED1CCFD8CA2 /* NicknameManagementView.swift */,
				275964CC744F8B414B8EB1B2 /* OnboardingV2.swift */,
				B3027F46C50CFFEF7B53E81A /* PaywallView.swift */,
				8E255AD5BE937CDEB9033B2D /* PresenceIndicatorView.swift */,
				BC15B15A6711B009E5F890D0 /* PresenceOrbView.swift */,
				7BDA307B55B4A42F187122C8 /* PrivacySettingsView.swift */,
				3CED1E6D1F5D4661CCF4CA53 /* ProfileView.swift */,
				E75BBD2701C24BE93E85D0B1 /* RoomListView.swift */,
				B856726303305F8AB6574975 /* RoomSettingsView.swift */,
				0CE180E443E3E1CB0F7B5837 /* SearchView.swift */,
				CEC15D9BFF0FB3C43A72AE5F /* SettingsView.swift */,
				3E65BC1D1525F6650425BADC /* SubscriptionView.swift */,
				C13AEFFB1B221F98FF5FCBDC /* ThreadView.swift */,
				730BB1926C583E8E19417286 /* VoiceRoomView.swift */,
				60C672CDFB1A6E213D1E5200 /* VoiceVideoPanelView.swift */,
				4F056329B1AF1FE8F0C9EF99 /* VoiceView.swift */,
				5043A245CFA666E408CD8037 /* Auth */,
				CF2C5433ABB870E5BCE15041 /* Shared */,
			);
			path = Views;
			sourceTree = "<group>";
		};
		47BB697406A9D5A1D7580D68 /* Services */ = {
			isa = PBXGroup;
			children = (
				22C40E2772CF7F8F1B60FF7A /* ABTestManager.swift */,
				29453C184FDF88D12E8AC14E /* AIService.swift */,
				86A1DDBA86CCE3F951AAB99D /* AuthService.swift */,
				777FD5652FA248A418236201 /* FileService.swift */,
				7FD77880143EFC245E614902 /* IAPService.swift */,
				20939FD07349421C99B22DA5 /* KeychainHelper.swift */,
				4EB4CAD8C655C30411CE1CD9 /* MessageService.swift */,
				26D399588F02293FB7AA81E8 /* NetworkReachability.swift */,
				5150BB95DFBFD67F19BB7DEC /* RollbackManager.swift */,
				CADB39228C7557D1438F6236 /* RoomRestorationService.swift */,
				EA9C87A9A9174A0B61043A78 /* RoomService.swift */,
				2C8606C4F2A44DAB74013200 /* SupabaseAuthService.swift */,
				E2BBDB5C23621297974FA7FD /* SystemService.swift */,
				8EEEAB309605D79405D40A88 /* UXTelemetryService.swift */,
				89F42005DEC630CF9391C470 /* ViewGenerator.swift */,
			);
			path = Services;
			sourceTree = "<group>";
		};
		4C70FDF171E92DD8960C6E9D /* Components */ = {
			isa = PBXGroup;
			children = (
				03F1BB0FFFE6DAF780B09DAB /* MoodGradient.swift */,
				F86CC97B5B10B5A517682A19 /* VoiceOrb.swift */,
			);
			path = Components;
			sourceTree = "<group>";
		};
		4D98DEB0F227DD308023387D /* Animations */ = {
			isa = PBXGroup;
			children = (
				3A51214D179578AD5735193B /* AnimationModifiers.swift */,
			);
			path = Animations;
			sourceTree = "<group>";
		};
		5043A245CFA666E408CD8037 /* Auth */ = {
			isa = PBXGroup;
			children = (
				02BB4F6AEA742D53D87B2C1E /* LoginView.swift */,
				436E12BA164CD9DDE29CE2FD /* SocialLoginsView.swift */,
			);
			path = Auth;
			sourceTree = "<group>";
		};
		52A17400A7DAEA5472CACEAC /* ViewModels */ = {
			isa = PBXGroup;
			children = (
				925C7B4F83630918E5234316 /* EmotionalAIViewModel.swift */,
				9E0538BD8029764861DC4F61 /* PresenceViewModel.swift */,
				FADA72AC66B4A0B68974BC2B /* RoomViewModel.swift */,
			);
			path = ViewModels;
			sourceTree = "<group>";
		};
		8E3CEDD1D400E18922A4F96A /* Organisms */ = {
			isa = PBXGroup;
			children = (
				429302704270D403D17153B8 /* DSChatComposer.swift */,
				50F6572C231A84D1726C1253 /* DSRoomRow.swift */,
			);
			path = Organisms;
			sourceTree = "<group>";
		};
		8F83A9B6FAB0009122AF9820 /* DesignSystem */ = {
			isa = PBXGroup;
			children = (
				B0E2BEB5420BBB57605AB7C8 /* DesignTokens.swift */,
				B2CC43562CB9BFEA68D26203 /* GlassModifier.swift */,
				3167DA07C1E8028430B33380 /* GlassView.swift */,
				1037A203AC5885735AAB4F6A /* Components */,
				350FB63F82C4A91B71FFA07C /* Validation */,
			);
			path = DesignSystem;
			sourceTree = "<group>";
		};
		92E5046DDC217FF58EB90FAA /* Modifiers */ = {
			isa = PBXGroup;
			children = (
				CECF260031F3D01271EC70D6 /* ButtonStateModifier.swift */,
				FA8F77F6A2D6ACA200ED3D1B /* FormStateModifier.swift */,
				58C71D83C19E295A0F519671 /* InputStateModifier.swift */,
				67E67CEADDF50FCAEE1D29AA /* PresenceModifier.swift */,
			);
			path = Modifiers;
			sourceTree = "<group>";
		};
		B931608467A671E50BDBD84E /* Telemetry */ = {
			isa = PBXGroup;
			children = (
				B7461AE7561D09288B2CFD8D /* Telemetry.swift */,
			);
			path = Telemetry;
			sourceTree = "<group>";
		};
		C5730EA8B9D339FEFB4B2BC8 /* Videos */ = {
			isa = PBXGroup;
			children = (
				0CA5E9E45B8619F815AA86D7 /* login_background.mp4 */,
			);
			path = Videos;
			sourceTree = "<group>";
		};
		CF2C5433ABB870E5BCE15041 /* Shared */ = {
			isa = PBXGroup;
			children = (
				ADBB57141C6259D2E51B9011 /* GlobalStyles.swift */,
				E9074AF28B50BB6C8244AE83 /* LoadingView.swift */,
				A210DA21B5BB53A0F5A6288E /* ToastView.swift */,
				4D98DEB0F227DD308023387D /* Animations */,
				1D5144823445D952555F097E /* Components */,
				92E5046DDC217FF58EB90FAA /* Modifiers */,
			);
			path = Shared;
			sourceTree = "<group>";
		};
		E358D1EF2481D755C1EFDCE7 /* iOS */ = {
			isa = PBXGroup;
			children = (
				B6E01D802414FD1AB26BFBB8 /* Assets.xcassets */,
				3FD388F6DD6A8274FA7AEED1 /* ExportOptions.plist */,
				C1D2099238742071BE0408D7 /* GlassApp.swift */,
				39BF14B077AF33E2D91700C3 /* Info.plist */,
				B1993CE0B2B119DA44BC266B /* Package.resolved */,
				F8322ECBDA9B90EE12F6306A /* Products.storekit */,
				BF318A87080582CC3ECF231D /* Sinapse.xcodeproj */,
				211F82A649B302019AC5E90A /* VibeZ.entitlements */,
				4E5C5D2A58873BCF48B8947B /* VibeZApp.swift */,
				DD88BFB4C34F94CA63BD0199 /* VibeZApp.swift.backup */,
			);
			name = iOS;
			path = .;
			sourceTree = "<group>";
		};
		EF1D9764F19F4DBE75600F0C /* Products */ = {
			isa = PBXGroup;
			children = (
				9E50C642C8F3A00B59CDBF1A /* VibeZ.app */,
			);
			name = Products;
			sourceTree = "<group>";
		};
		F920E92BE7246CFF5F588EB5 /* Molecular */ = {
			isa = PBXGroup;
			children = (
				7A5236B43DB46923A7111B34 /* DSEmptyState.swift */,
				6C0BD0C51FBABF7258AF0AE5 /* DSMessageBubble.swift */,
				4D256B07CDC4D155FB79F34C /* DSSearchField.swift */,
				515C21996E59B886A5ABD3B9 /* DSTierCard.swift */,
			);
			path = Molecular;
			sourceTree = "<group>";
		};
		FEC5C3D9F44DD39800D8677A /* Models */ = {
			isa = PBXGroup;
			children = (
				FCDA62476F3EFFB74E3D2F91 /* AILog.swift */,
				EE85D27035396040E23110E0 /* IAPReceipt.swift */,
				3101C4CB8B4E3BCC8F81BB4B /* Message.swift */,
				BCD466D94DFA8A145B5F816D /* Room.swift */,
				8C56393B2DDDC0E50DDE141C /* SubscriptionTier.swift */,
				D9B37FA15A2E0A81B35B615E /* TelemetryMetric.swift */,
				6E70900A38C9C0200E6C19C3 /* User.swift */,
				00B32979B4C94818A093D322 /* UXEventType.swift */,
			);
			path = Models;
			sourceTree = "<group>";
		};
/* End PBXGroup section */

/* Begin PBXNativeTarget section */
		4479789A3F7B20819555B692 /* VibeZ */ = {
			isa = PBXNativeTarget;
			buildConfigurationList = 5E011709D3789B24E1DACA36 /* Build configuration list for PBXNativeTarget "VibeZ" */;
			buildPhases = (
				B1F4DFB8C84B68C118270F6C /* Sources */,
				CE6957B483B4E133F87C7EF4 /* Resources */,
			);
			buildRules = (
			);
			dependencies = (
			);
			name = VibeZ;
			packageProductDependencies = (
			);
			productName = VibeZ;
			productReference = 9E50C642C8F3A00B59CDBF1A /* VibeZ.app */;
			productType = "com.apple.product-type.application";
		};
/* End PBXNativeTarget section */

/* Begin PBXProject section */
		F00651205327E9962163C8D6 /* Project object */ = {
			isa = PBXProject;
			attributes = {
				BuildIndependentTargetsInParallel = YES;
				LastUpgradeCheck = 1430;
				TargetAttributes = {
					4479789A3F7B20819555B692 = {
						DevelopmentTeam = "";
						ProvisioningStyle = Automatic;
					};
				};
			};
			buildConfigurationList = CA4F5D17ED88FF52FABB675C /* Build configuration list for PBXProject "Sinapse" */;
			compatibilityVersion = "Xcode 14.0";
			developmentRegion = en;
			hasScannedForEncodings = 0;
			knownRegions = (
				Base,
				en,
			);
			mainGroup = 19F424E520D4EB5AD67F9E76;
			minimizedProjectReferenceProxies = 1;
			projectDirPath = "";
			projectReferences = (
				{
					ProductGroup = 24473D252ECD71420027E7BB /* Products */;
					ProjectRef = BF318A87080582CC3ECF231D /* Sinapse.xcodeproj */;
				},
			);
			projectRoot = "";
			targets = (
				4479789A3F7B20819555B692 /* VibeZ */,
			);
		};
/* End PBXProject section */

/* Begin PBXResourcesBuildPhase section */
		CE6957B483B4E133F87C7EF4 /* Resources */ = {
			isa = PBXResourcesBuildPhase;
			buildActionMask = 2147483647;
			files = (
				275A79F45D6F92652EE505F2 /* Assets.xcassets in Resources */,
				EE956B6A3F61719E512C5038 /* ExportOptions.plist in Resources */,
				A78403D70918DDB8083F5A42 /* Package.resolved in Resources */,
				DCDBB27869F6F645AF7D9127 /* Products.storekit in Resources */,
				C79B554FB9BA7F6B80FA3B1E /* Sinapse.xcodeproj in Resources */,
				F2657CEE6E28700D8D9BAECF /* VibeZApp.swift.backup in Resources */,
				7C9462DC37DA9A06F131EEE2 /* login_background.mp4 in Resources */,
			);
			runOnlyForDeploymentPostprocessing = 0;
		};
/* End PBXResourcesBuildPhase section */

/* Begin PBXSourcesBuildPhase section */
		B1F4DFB8C84B68C118270F6C /* Sources */ = {
			isa = PBXSourcesBuildPhase;
			buildActionMask = 2147483647;
			files = (
				50D1254C57EE5670AD3274F2 /* ABTestManager.swift in Sources */,
				49E164BC843E2CB2AEA6587A /* AILog.swift in Sources */,
				193ABB0C76142F9A87EC7EB9 /* AIReasoner.swift in Sources */,
				722A0B5165CB2895CB6135FE /* AIService.swift in Sources */,
				FD8AD9B35847F8F7857921CC /* APIClient.swift in Sources */,
				7861D5405CF46FC9F34651E0 /* AgoraRoomManager.swift in Sources */,
				8EACF04D4B394C27DD789538 /* AgoraRoomView.swift in Sources */,
				519111C00C56D15EFB5E2A63 /* AnimationModifiers.swift in Sources */,
				D42B9CFCB00EF477F7107FAD /* AuthService.swift in Sources */,
				6F6852FC436B5FF875DE0BA8 /* AutonomousLabel.swift in Sources */,
				262F045B8AB383B559E8A621 /* AutonomousValidationLabel.swift in Sources */,
				2731C6E2FDCA0DFAD3279BD1 /* ButtonStateModifier.swift in Sources */,
				BF895FA35332D7890509ED82 /* ChatInputView.swift in Sources */,
				75FBCB73406C80DE46837B81 /* ChatView.swift in Sources */,
				D9D9F95C214AE483198F4DDF /* Color+Extensions.swift in Sources */,
				5888BEC999B5D9F166E25038 /* Constants.swift in Sources */,
				FE49ACD92684AEB257E95972 /* CreateRoomSheet.swift in Sources */,
				B684AE91BD503DD9BBFBC757 /* DSAvatar.swift in Sources */,
				FFE33DE14AED34EFA042EF7E /* DSBackgrounds.swift in Sources */,
				D0BE1DF44B22FF5175D3E537 /* DSButton.swift in Sources */,
				4181BF721C4F4357519A77E4 /* DSChatComposer.swift in Sources */,
				4A40A3B5BECB8A293855E353 /* DSChip.swift in Sources */,
				9FFA06DC792AA3EA731FD8C4 /* DSDivider.swift in Sources */,
				9B64F61F14A989F35D1E2810 /* DSEmptyState.swift in Sources */,
				B36F2F4738C04C380DAADE9A /* DSMessageBubble.swift in Sources */,
				B693BC0011C3940C8B23D313 /* DSPresenceOrb.swift in Sources */,
				C0D01DEF41035BDB6486FD13 /* DSRoomRow.swift in Sources */,
				02D660F6112C9ED118F157C9 /* DSSearchField.swift in Sources */,
				620E92BEBCE62EF5A81F2956 /* DSTierCard.swift in Sources */,
				5D8EB9574B01488B18159D5B /* DSValidation.swift in Sources */,
				F0919C0DF970CCAEE3C26494 /* DashboardView.swift in Sources */,
				3083D61F4F6EFB7F91C71AB6 /* DeepSeekClient.swift in Sources */,
				D5E40B2E459E8CAC8BF04852 /* DesignTokens.swift in Sources */,
				51B64906E9809F3AEDC4DF7E /* EmojiPickerView.swift in Sources */,
				2A68CA5596C0DF1A8E4E5B0C /* EmotionalAIViewModel.swift in Sources */,
				EE1F398C8D97318FDA3A440E /* ErrorRecoveryView.swift in Sources */,
				D064B409937B6E730CAEF71A /* FileService.swift in Sources */,
				879845C57E4D1DEB6B433032 /* FileUploadComponent.swift in Sources */,
				C69C7EE474CD5092A079FF59 /* FormStateModifier.swift in Sources */,
				76210C305E07AFE305A42B96 /* GlassApp.swift in Sources */,
				7D2E241C9008ADA3DAB009D0 /* GlassModifier.swift in Sources */,
				A8FB447F4467AE418B673F18 /* GlassView.swift in Sources */,
				CFC270CF0DDD1305B89E9DBD /* GlobalStyles.swift in Sources */,
				EDB36A3E91B0674BAD15C93E /* HostingGuideView.swift in Sources */,
				7D2C020A6A52C406427ADEFE /* IAPReceipt.swift in Sources */,
				524B918965359CB30CF015F3 /* IAPService.swift in Sources */,
				9CCAB62AD12C6ECE1999E6E2 /* InputStateModifier.swift in Sources */,
				ADB3AFDCD7041300F9BC7AFB /* KeychainHelper.swift in Sources */,
				5F668627871D9C0639E219C6 /* LiveKitRoomManager.swift in Sources */,
				AF5DA086C17F702B2D00003B /* LoadingSkeleton.swift in Sources */,
				070BA9BD20205374635E9BA2 /* LoadingSpinner.swift in Sources */,
				F13C030D3A6A55F34B4ECFAA /* LoadingView.swift in Sources */,
				4CEB8DEA4F51E91C3383AA3B /* LoginView.swift in Sources */,
				7FA5FD9D3010DABACAD87290 /* MainTabView.swift in Sources */,
				1830DAAA0FFC5CFEDBB830FD /* Message.swift in Sources */,
				03351AF8B34D41FE233EE4AF /* MessageBubbleView.swift in Sources */,
				B4F54A5E6BC0D0FE3CDCCBD0 /* MessageManager.swift in Sources */,
				2F33089735B6E9E1A8C1945C /* MessageService.swift in Sources */,
				FD29A040DED5A64469BD4A67 /* MoodGradient.swift in Sources */,
				79862781F3E98761300E2C87 /* NetworkReachability.swift in Sources */,
				DA4C016894B5AB4F84DD0D93 /* NicknameManagementView.swift in Sources */,
				73866D3DC9FD91500EB1A6DA /* OnboardingV2.swift in Sources */,
				945A3FAB1D2ADEC21E7853B1 /* PaywallView.swift in Sources */,
				206931C8AFB67FE65C33C717 /* PresenceIndicatorView.swift in Sources */,
				C765D4BC15420446E10099E7 /* PresenceModifier.swift in Sources */,
				9FD6D9434174F6E5D753D395 /* PresenceOrbView.swift in Sources */,
				54D8A6431468075FCAAFEDCC /* PresenceViewModel.swift in Sources */,
				042F6976C0480484F6E00421 /* PrivacySettingsView.swift in Sources */,
				298290F2FB54DE55DB123CB7 /* ProfileView.swift in Sources */,
				C4A1C31E0A2DFCDDE853C4A7 /* QuickJumpBar.swift in Sources */,
				F94386C9FE84E309173F3376 /* ReadReceiptIndicator.swift in Sources */,
				84151B4AF128F35A53E332C0 /* RollbackManager.swift in Sources */,
				33AF31B26847D13B7B12098F /* Room.swift in Sources */,
				32B8004FBB07A345AE26D75F /* RoomListView.swift in Sources */,
				2798BAA6E8F8D545602AF6BF /* RoomManager.swift in Sources */,
				A39B22ABD6DA61AC380FB2D7 /* RoomRestorationService.swift in Sources */,
				91B953E972CAF934C338F639 /* RoomService.swift in Sources */,
				E0A378A9D5A1E18ABDF75F57 /* RoomSettingsView.swift in Sources */,
				3D7B187E34CAC1B359FD9B1A /* RoomViewModel.swift in Sources */,
				F7472D8476FF78482A6F23BA /* SearchView.swift in Sources */,
				978DD059C8B64C6EBADD91BA /* SettingsView.swift in Sources */,
				98E3EE1349B790955CD8EDC2 /* SocialLoginsView.swift in Sources */,
				B26FE8B14E50D8FE68A948F0 /* SpeechManager.swift in Sources */,
				1485FB2FE9C7D9A632D0A6A0 /* SubscriptionManager.swift in Sources */,
				9B035FBE0A033B3575BD674D /* SubscriptionTier.swift in Sources */,
				C14579CA82C13F9A2B055DFF /* SubscriptionView.swift in Sources */,
				18B6445FFC2167816D9A3661 /* SupabaseAuthService.swift in Sources */,
				513AB86F9484FE98BCB66A94 /* SystemMonitor.swift in Sources */,
				3357553498CFA6C7AF05960A /* SystemService.swift in Sources */,
				BF9FBA59C79A3DEF773947CD /* Telemetry.swift in Sources */,
				B0AA0A3BA501FED9F61DC891 /* TelemetryMetric.swift in Sources */,
				E934DD333D40EB6BC50FC837 /* ThreadView.swift in Sources */,
				EA43D337B5FB67A25EF69A20 /* ToastView.swift in Sources */,
				FB287599DD117B53E3819FAE /* UXEventType.swift in Sources */,
				35FC76B88DCB770E32996E90 /* UXTelemetryService.swift in Sources */,
				184E46FA7906190557AFA7AF /* User.swift in Sources */,
				0B6B30DE693B07753683F792 /* VibeZApp.swift in Sources */,
				88694691911A18E45B3DEA6A /* VideoTileView.swift in Sources */,
				FAA74279A1E192D49801A1D6 /* View+Accessibility.swift in Sources */,
				0B033659C668F409612AB32A /* View+Extensions.swift in Sources */,
				2148CD86798BE66F265EE0AD /* View+Performance.swift in Sources */,
				5985BC5AD6C01DE5FA4AEAFF /* ViewGenerator.swift in Sources */,
				0C501874476180D9CE24611E /* VoiceOrb.swift in Sources */,
				689CCB6BA06DD9EF5F44929F /* VoiceRoomView.swift in Sources */,
				0D049DFE3F290DEB1B56D587 /* VoiceVideoPanelView.swift in Sources */,
				C9937545C43B8B264D45AC83 /* VoiceView.swift in Sources */,
				3EDFF8F60F3BD7D2F433E296 /* WebSocketManager.swift in Sources */,
			);
			runOnlyForDeploymentPostprocessing = 0;
		};
/* End PBXSourcesBuildPhase section */

/* Begin XCBuildConfiguration section */
		4D2E825084597E77918BCEEF /* Debug */ = {
			isa = XCBuildConfiguration;
			buildSettings = {
				ALWAYS_SEARCH_USER_PATHS = NO;
				CLANG_ANALYZER_NONNULL = YES;
				CLANG_ANALYZER_NUMBER_OBJECT_CONVERSION = YES_AGGRESSIVE;
				CLANG_CXX_LANGUAGE_STANDARD = "gnu++14";
				CLANG_CXX_LIBRARY = "libc++";
				CLANG_ENABLE_MODULES = YES;
				CLANG_ENABLE_OBJC_ARC = YES;
				CLANG_ENABLE_OBJC_WEAK = YES;
				CLANG_WARN_BLOCK_CAPTURE_AUTORELEASING = YES;
				CLANG_WARN_BOOL_CONVERSION = YES;
				CLANG_WARN_COMMA = YES;
				CLANG_WARN_CONSTANT_CONVERSION = YES;
				CLANG_WARN_DEPRECATED_OBJC_IMPLEMENTATIONS = YES;
				CLANG_WARN_DIRECT_OBJC_ISA_USAGE = YES_ERROR;
				CLANG_WARN_DOCUMENTATION_COMMENTS = YES;
				CLANG_WARN_EMPTY_BODY = YES;
				CLANG_WARN_ENUM_CONVERSION = YES;
				CLANG_WARN_INFINITE_RECURSION = YES;
				CLANG_WARN_INT_CONVERSION = YES;
				CLANG_WARN_NON_LITERAL_NULL_CONVERSION = YES;
				CLANG_WARN_OBJC_IMPLICIT_RETAIN_SELF = YES;
				CLANG_WARN_OBJC_LITERAL_CONVERSION = YES;
				CLANG_WARN_OBJC_ROOT_CLASS = YES_ERROR;
				CLANG_WARN_QUOTED_INCLUDE_IN_FRAMEWORK_HEADER = YES;
				CLANG_WARN_RANGE_LOOP_ANALYSIS = YES;
				CLANG_WARN_STRICT_PROTOTYPES = YES;
				CLANG_WARN_SUSPICIOUS_MOVE = YES;
				CLANG_WARN_UNGUARDED_AVAILABILITY = YES_AGGRESSIVE;
				CLANG_WARN_UNREACHABLE_CODE = YES;
				CLANG_WARN__DUPLICATE_METHOD_MATCH = YES;
				COPY_PHASE_STRIP = NO;
				DEBUG_INFORMATION_FORMAT = dwarf;
				ENABLE_STRICT_OBJC_MSGSEND = YES;
				ENABLE_TESTABILITY = YES;
				GCC_C_LANGUAGE_STANDARD = gnu11;
				GCC_DYNAMIC_NO_PIC = NO;
				GCC_NO_COMMON_BLOCKS = YES;
				GCC_OPTIMIZATION_LEVEL = 0;
				GCC_PREPROCESSOR_DEFINITIONS = (
					"$(inherited)",
					"DEBUG=1",
				);
				GCC_WARN_64_TO_32_BIT_CONVERSION = YES;
				GCC_WARN_ABOUT_RETURN_TYPE = YES_ERROR;
				GCC_WARN_UNDECLARED_SELECTOR = YES;
				GCC_WARN_UNINITIALIZED_AUTOS = YES_AGGRESSIVE;
				GCC_WARN_UNUSED_FUNCTION = YES;
				GCC_WARN_UNUSED_VARIABLE = YES;
				IPHONEOS_DEPLOYMENT_TARGET = 17.0;
				MTL_ENABLE_DEBUG_INFO = INCLUDE_SOURCE;
				MTL_FAST_MATH = YES;
				ONLY_ACTIVE_ARCH = YES;
				PRODUCT_NAME = "$(TARGET_NAME)";
				SDKROOT = iphoneos;
				SWIFT_ACTIVE_COMPILATION_CONDITIONS = DEBUG;
				SWIFT_OPTIMIZATION_LEVEL = "-Onone";
				SWIFT_VERSION = 5.0;
			};
			name = Debug;
		};
		CAA6D074BE4DC55A33CD59B2 /* Release */ = {
			isa = XCBuildConfiguration;
			buildSettings = {
				ASSETCATALOG_COMPILER_APPICON_NAME = AppIcon;
				CODE_SIGN_IDENTITY = "iPhone Developer";
				CODE_SIGN_STYLE = Automatic;
				DEVELOPMENT_TEAM = "";
				INFOPLIST_FILE = Info.plist;
				INFOPLIST_KEY_NSCameraUsageDescription = "VibeZ needs camera access for video chat and avatar photos";
				INFOPLIST_KEY_NSMicrophoneUsageDescription = "VibeZ needs microphone access for voice messages and voice chat";
				INFOPLIST_KEY_NSPhotoLibraryUsageDescription = "VibeZ needs photo library access to share images";
				INFOPLIST_KEY_UIApplicationSceneManifest_Generation = YES;
				INFOPLIST_KEY_UIApplicationSupportsIndirectInputEvents = YES;
				INFOPLIST_KEY_UILaunchScreen_Generation = YES;
				INFOPLIST_KEY_UISupportedInterfaceOrientations_iPad = "UIInterfaceOrientationPortrait UIInterfaceOrientationPortraitUpsideDown UIInterfaceOrientationLandscapeLeft UIInterfaceOrientationLandscapeRight";
				INFOPLIST_KEY_UISupportedInterfaceOrientations_iPhone = "UIInterfaceOrientationPortrait UIInterfaceOrientationLandscapeLeft UIInterfaceOrientationLandscapeRight";
				IPHONEOS_DEPLOYMENT_TARGET = 17.0;
				LD_RUNPATH_SEARCH_PATHS = (
					"$(inherited)",
					"@executable_path/Frameworks",
				);
				PRODUCT_BUNDLE_IDENTIFIER = com.vibez.app;
				SDKROOT = iphoneos;
				SWIFT_VERSION = 6.0;
				TARGETED_DEVICE_FAMILY = "1,2";
			};
			name = Release;
		};
		D16814457F05903847CE5492 /* Debug */ = {
			isa = XCBuildConfiguration;
			buildSettings = {
				ASSETCATALOG_COMPILER_APPICON_NAME = AppIcon;
				CODE_SIGN_IDENTITY = "iPhone Developer";
				CODE_SIGN_STYLE = Automatic;
				DEVELOPMENT_TEAM = "";
				INFOPLIST_FILE = Info.plist;
				INFOPLIST_KEY_NSCameraUsageDescription = "VibeZ needs camera access for video chat and avatar photos";
				INFOPLIST_KEY_NSMicrophoneUsageDescription = "VibeZ needs microphone access for voice messages and voice chat";
				INFOPLIST_KEY_NSPhotoLibraryUsageDescription = "VibeZ needs photo library access to share images";
				INFOPLIST_KEY_UIApplicationSceneManifest_Generation = YES;
				INFOPLIST_KEY_UIApplicationSupportsIndirectInputEvents = YES;
				INFOPLIST_KEY_UILaunchScreen_Generation = YES;
				INFOPLIST_KEY_UISupportedInterfaceOrientations_iPad = "UIInterfaceOrientationPortrait UIInterfaceOrientationPortraitUpsideDown UIInterfaceOrientationLandscapeLeft UIInterfaceOrientationLandscapeRight";
				INFOPLIST_KEY_UISupportedInterfaceOrientations_iPhone = "UIInterfaceOrientationPortrait UIInterfaceOrientationLandscapeLeft UIInterfaceOrientationLandscapeRight";
				IPHONEOS_DEPLOYMENT_TARGET = 17.0;
				LD_RUNPATH_SEARCH_PATHS = (
					"$(inherited)",
					"@executable_path/Frameworks",
				);
				PRODUCT_BUNDLE_IDENTIFIER = com.vibez.app;
				SDKROOT = iphoneos;
				SWIFT_VERSION = 6.0;
				TARGETED_DEVICE_FAMILY = "1,2";
			};
			name = Debug;
		};
		EDFC8E77BE342F7C2DB502EC /* Release */ = {
			isa = XCBuildConfiguration;
			buildSettings = {
				ALWAYS_SEARCH_USER_PATHS = NO;
				CLANG_ANALYZER_NONNULL = YES;
				CLANG_ANALYZER_NUMBER_OBJECT_CONVERSION = YES_AGGRESSIVE;
				CLANG_CXX_LANGUAGE_STANDARD = "gnu++14";
				CLANG_CXX_LIBRARY = "libc++";
				CLANG_ENABLE_MODULES = YES;
				CLANG_ENABLE_OBJC_ARC = YES;
				CLANG_ENABLE_OBJC_WEAK = YES;
				CLANG_WARN_BLOCK_CAPTURE_AUTORELEASING = YES;
				CLANG_WARN_BOOL_CONVERSION = YES;
				CLANG_WARN_COMMA = YES;
				CLANG_WARN_CONSTANT_CONVERSION = YES;
				CLANG_WARN_DEPRECATED_OBJC_IMPLEMENTATIONS = YES;
				CLANG_WARN_DIRECT_OBJC_ISA_USAGE = YES_ERROR;
				CLANG_WARN_DOCUMENTATION_COMMENTS = YES;
				CLANG_WARN_EMPTY_BODY = YES;
				CLANG_WARN_ENUM_CONVERSION = YES;
				CLANG_WARN_INFINITE_RECURSION = YES;
				CLANG_WARN_INT_CONVERSION = YES;
				CLANG_WARN_NON_LITERAL_NULL_CONVERSION = YES;
				CLANG_WARN_OBJC_IMPLICIT_RETAIN_SELF = YES;
				CLANG_WARN_OBJC_LITERAL_CONVERSION = YES;
				CLANG_WARN_OBJC_ROOT_CLASS = YES_ERROR;
				CLANG_WARN_QUOTED_INCLUDE_IN_FRAMEWORK_HEADER = YES;
				CLANG_WARN_RANGE_LOOP_ANALYSIS = YES;
				CLANG_WARN_STRICT_PROTOTYPES = YES;
				CLANG_WARN_SUSPICIOUS_MOVE = YES;
				CLANG_WARN_UNGUARDED_AVAILABILITY = YES_AGGRESSIVE;
				CLANG_WARN_UNREACHABLE_CODE = YES;
				CLANG_WARN__DUPLICATE_METHOD_MATCH = YES;
				COPY_PHASE_STRIP = NO;
				DEBUG_INFORMATION_FORMAT = "dwarf-with-dsym";
				ENABLE_NS_ASSERTIONS = NO;
				ENABLE_STRICT_OBJC_MSGSEND = YES;
				GCC_C_LANGUAGE_STANDARD = gnu11;
				GCC_NO_COMMON_BLOCKS = YES;
				GCC_WARN_64_TO_32_BIT_CONVERSION = YES;
				GCC_WARN_ABOUT_RETURN_TYPE = YES_ERROR;
				GCC_WARN_UNDECLARED_SELECTOR = YES;
				GCC_WARN_UNINITIALIZED_AUTOS = YES_AGGRESSIVE;
				GCC_WARN_UNUSED_FUNCTION = YES;
				GCC_WARN_UNUSED_VARIABLE = YES;
				IPHONEOS_DEPLOYMENT_TARGET = 17.0;
				MTL_ENABLE_DEBUG_INFO = NO;
				MTL_FAST_MATH = YES;
				PRODUCT_NAME = "$(TARGET_NAME)";
				SDKROOT = iphoneos;
				SWIFT_COMPILATION_MODE = wholemodule;
				SWIFT_OPTIMIZATION_LEVEL = "-O";
				SWIFT_VERSION = 5.0;
			};
			name = Release;
		};
/* End XCBuildConfiguration section */

/* Begin XCConfigurationList section */
		5E011709D3789B24E1DACA36 /* Build configuration list for PBXNativeTarget "VibeZ" */ = {
			isa = XCConfigurationList;
			buildConfigurations = (
				D16814457F05903847CE5492 /* Debug */,
				CAA6D074BE4DC55A33CD59B2 /* Release */,
			);
			defaultConfigurationIsVisible = 0;
			defaultConfigurationName = Debug;
		};
		CA4F5D17ED88FF52FABB675C /* Build configuration list for PBXProject "Sinapse" */ = {
			isa = XCConfigurationList;
			buildConfigurations = (
				4D2E825084597E77918BCEEF /* Debug */,
				EDFC8E77BE342F7C2DB502EC /* Release */,
			);
			defaultConfigurationIsVisible = 0;
			defaultConfigurationName = Debug;
		};
/* End XCConfigurationList section */
	};
	rootObject = F00651205327E9962163C8D6 /* Project object */;
}
